// !$*UTF8*$!
{
	archiveVersion = 1;
	classes = {
	};
	objectVersion = 77;
	objects = {

/* Begin PBXContainerItemProxy section */
		2B779E242D1F282900DFA115 /* PBXContainerItemProxy */ = {
			isa = PBXContainerItemProxy;
			containerPortal = 2B779E0A2D1F282700DFA115 /* Project object */;
			proxyType = 1;
			remoteGlobalIDString = 2B779E112D1F282700DFA115;
			remoteInfo = HelloMetal;
		};
		2B779E2E2D1F282900DFA115 /* PBXContainerItemProxy */ = {
			isa = PBXContainerItemProxy;
			containerPortal = 2B779E0A2D1F282700DFA115 /* Project object */;
			proxyType = 1;
			remoteGlobalIDString = 2B779E112D1F282700DFA115;
			remoteInfo = HelloMetal;
		};
/* End PBXContainerItemProxy section */

/* Begin PBXFileReference section */
		2B779E122D1F282700DFA115 /* HelloMetal.app */ = {isa = PBXFileReference; explicitFileType = wrapper.application; includeInIndex = 0; path = HelloMetal.app; sourceTree = BUILT_PRODUCTS_DIR; };
		2B779E232D1F282900DFA115 /* HelloMetalTests.xctest */ = {isa = PBXFileReference; explicitFileType = wrapper.cfbundle; includeInIndex = 0; path = HelloMetalTests.xctest; sourceTree = BUILT_PRODUCTS_DIR; };
		2B779E2D2D1F282900DFA115 /* HelloMetalUITests.xctest */ = {isa = PBXFileReference; explicitFileType = wrapper.cfbundle; includeInIndex = 0; path = HelloMetalUITests.xctest; sourceTree = BUILT_PRODUCTS_DIR; };
/* End PBXFileReference section */

/* Begin PBXFileSystemSynchronizedRootGroup section */
		2B779E142D1F282700DFA115 /* HelloMetal */ = {
			isa = PBXFileSystemSynchronizedRootGroup;
			path = HelloMetal;
			sourceTree = "<group>";
		};
		2B779E262D1F282900DFA115 /* HelloMetalTests */ = {
			isa = PBXFileSystemSynchronizedRootGroup;
			path = HelloMetalTests;
			sourceTree = "<group>";
		};
		2B779E302D1F282900DFA115 /* HelloMetalUITests */ = {
			isa = PBXFileSystemSynchronizedRootGroup;
			path = HelloMetalUITests;
			sourceTree = "<group>";
		};
/* End PBXFileSystemSynchronizedRootGroup section */

/* Begin PBXFrameworksBuildPhase section */
		2B779E0F2D1F282700DFA115 /* Frameworks */ = {
			isa = PBXFrameworksBuildPhase;
			buildActionMask = 2147483647;
			files = (
			);
			runOnlyForDeploymentPostprocessing = 0;
		};
		2B779E202D1F282900DFA115 /* Frameworks */ = {
			isa = PBXFrameworksBuildPhase;
			buildActionMask = 2147483647;
			files = (
			);
			runOnlyForDeploymentPostprocessing = 0;
		};
		2B779E2A2D1F282900DFA115 /* Frameworks */ = {
			isa = PBXFrameworksBuildPhase;
			buildActionMask = 2147483647;
			files = (
			);
			runOnlyForDeploymentPostprocessing = 0;
		};
/* End PBXFrameworksBuildPhase section */

/* Begin PBXGroup section */
		2B779E092D1F282700DFA115 = {
			isa = PBXGroup;
			children = (
				2B779E142D1F282700DFA115 /* HelloMetal */,
				2B779E262D1F282900DFA115 /* HelloMetalTests */,
				2B779E302D1F282900DFA115 /* HelloMetalUITests */,
				2B779E132D1F282700DFA115 /* Products */,
			);
			sourceTree = "<group>";
		};
		2B779E132D1F282700DFA115 /* Products */ = {
			isa = PBXGroup;
			children = (
				2B779E122D1F282700DFA115 /* HelloMetal.app */,
				2B779E232D1F282900DFA115 /* HelloMetalTests.xctest */,
				2B779E2D2D1F282900DFA115 /* HelloMetalUITests.xctest */,
			);
			name = Products;
			sourceTree = "<group>";
		};
/* End PBXGroup section */

/* Begin PBXNativeTarget section */
		2B779E112D1F282700DFA115 /* HelloMetal */ = {
			isa = PBXNativeTarget;
			buildConfigurationList = 2B779E372D1F282900DFA115 /* Build configuration list for PBXNativeTarget "HelloMetal" */;
			buildPhases = (
				2B779E0E2D1F282700DFA115 /* Sources */,
				2B779E0F2D1F282700DFA115 /* Frameworks */,
				2B779E102D1F282700DFA115 /* Resources */,
			);
			buildRules = (
			);
			dependencies = (
			);
			fileSystemSynchronizedGroups = (
				2B779E142D1F282700DFA115 /* HelloMetal */,
			);
			name = HelloMetal;
			packageProductDependencies = (
			);
			productName = HelloMetal;
			productReference = 2B779E122D1F282700DFA115 /* HelloMetal.app */;
			productType = "com.apple.product-type.application";
		};
		2B779E222D1F282900DFA115 /* HelloMetalTests */ = {
			isa = PBXNativeTarget;
			buildConfigurationList = 2B779E3A2D1F282900DFA115 /* Build configuration list for PBXNativeTarget "HelloMetalTests" */;
			buildPhases = (
				2B779E1F2D1F282900DFA115 /* Sources */,
				2B779E202D1F282900DFA115 /* Frameworks */,
				2B779E212D1F282900DFA115 /* Resources */,
			);
			buildRules = (
			);
			dependencies = (
				2B779E252D1F282900DFA115 /* PBXTargetDependency */,
			);
			fileSystemSynchronizedGroups = (
				2B779E262D1F282900DFA115 /* HelloMetalTests */,
			);
			name = HelloMetalTests;
			packageProductDependencies = (
			);
			productName = HelloMetalTests;
			productReference = 2B779E232D1F282900DFA115 /* HelloMetalTests.xctest */;
			productType = "com.apple.product-type.bundle.unit-test";
		};
		2B779E2C2D1F282900DFA115 /* HelloMetalUITests */ = {
			isa = PBXNativeTarget;
			buildConfigurationList = 2B779E3D2D1F282900DFA115 /* Build configuration list for PBXNativeTarget "HelloMetalUITests" */;
			buildPhases = (
				2B779E292D1F282900DFA115 /* Sources */,
				2B779E2A2D1F282900DFA115 /* Frameworks */,
				2B779E2B2D1F282900DFA115 /* Resources */,
			);
			buildRules = (
			);
			dependencies = (
				2B779E2F2D1F282900DFA115 /* PBXTargetDependency */,
			);
			fileSystemSynchronizedGroups = (
				2B779E302D1F282900DFA115 /* HelloMetalUITests */,
			);
			name = HelloMetalUITests;
			packageProductDependencies = (
			);
			productName = HelloMetalUITests;
			productReference = 2B779E2D2D1F282900DFA115 /* HelloMetalUITests.xctest */;
			productType = "com.apple.product-type.bundle.ui-testing";
		};
/* End PBXNativeTarget section */

/* Begin PBXProject section */
		2B779E0A2D1F282700DFA115 /* Project object */ = {
			isa = PBXProject;
			attributes = {
				BuildIndependentTargetsInParallel = 1;
				LastSwiftUpdateCheck = 1620;
				LastUpgradeCheck = 1620;
				TargetAttributes = {
					2B779E112D1F282700DFA115 = {
						CreatedOnToolsVersion = 16.2;
					};
					2B779E222D1F282900DFA115 = {
						CreatedOnToolsVersion = 16.2;
						TestTargetID = 2B779E112D1F282700DFA115;
					};
					2B779E2C2D1F282900DFA115 = {
						CreatedOnToolsVersion = 16.2;
						TestTargetID = 2B779E112D1F282700DFA115;
					};
				};
			};
			buildConfigurationList = 2B779E0D2D1F282700DFA115 /* Build configuration list for PBXProject "HelloMetal" */;
			developmentRegion = en;
			hasScannedForEncodings = 0;
			knownRegions = (
				en,
				Base,
			);
			mainGroup = 2B779E092D1F282700DFA115;
			minimizedProjectReferenceProxies = 1;
			preferredProjectObjectVersion = 77;
			productRefGroup = 2B779E132D1F282700DFA115 /* Products */;
			projectDirPath = "";
			projectRoot = "";
			targets = (
				2B779E112D1F282700DFA115 /* HelloMetal */,
				2B779E222D1F282900DFA115 /* HelloMetalTests */,
				2B779E2C2D1F282900DFA115 /* HelloMetalUITests */,
			);
		};
/* End PBXProject section */

/* Begin PBXResourcesBuildPhase section */
		2B779E102D1F282700DFA115 /* Resources */ = {
			isa = PBXResourcesBuildPhase;
			buildActionMask = 2147483647;
			files = (
			);
			runOnlyForDeploymentPostprocessing = 0;
		};
		2B779E212D1F282900DFA115 /* Resources */ = {
			isa = PBXResourcesBuildPhase;
			buildActionMask = 2147483647;
			files = (
			);
			runOnlyForDeploymentPostprocessing = 0;
		};
		2B779E2B2D1F282900DFA115 /* Resources */ = {
			isa = PBXResourcesBuildPhase;
			buildActionMask = 2147483647;
			files = (
			);
			runOnlyForDeploymentPostprocessing = 0;
		};
/* End PBXResourcesBuildPhase section */

/* Begin PBXSourcesBuildPhase section */
		2B779E0E2D1F282700DFA115 /* Sources */ = {
			isa = PBXSourcesBuildPhase;
			buildActionMask = 2147483647;
			files = (
			);
			runOnlyForDeploymentPostprocessing = 0;
		};
		2B779E1F2D1F282900DFA115 /* Sources */ = {
			isa = PBXSourcesBuildPhase;
			buildActionMask = 2147483647;
			files = (
			);
			runOnlyForDeploymentPostprocessing = 0;
		};
		2B779E292D1F282900DFA115 /* Sources */ = {
			isa = PBXSourcesBuildPhase;
			buildActionMask = 2147483647;
			files = (
			);
			runOnlyForDeploymentPostprocessing = 0;
		};
/* End PBXSourcesBuildPhase section */

/* Begin PBXTargetDependency section */
		2B779E252D1F282900DFA115 /* PBXTargetDependency */ = {
			isa = PBXTargetDependency;
			target = 2B779E112D1F282700DFA115 /* HelloMetal */;
			targetProxy = 2B779E242D1F282900DFA115 /* PBXContainerItemProxy */;
		};
		2B779E2F2D1F282900DFA115 /* PBXTargetDependency */ = {
			isa = PBXTargetDependency;
			target = 2B779E112D1F282700DFA115 /* HelloMetal */;
			targetProxy = 2B779E2E2D1F282900DFA115 /* PBXContainerItemProxy */;
		};
/* End PBXTargetDependency section */

/* Begin XCBuildConfiguration section */
		2B779E352D1F282900DFA115 /* Debug */ = {
			isa = XCBuildConfiguration;
			buildSettings = {
				ALWAYS_SEARCH_USER_PATHS = NO;
				ASSETCATALOG_COMPILER_GENERATE_SWIFT_ASSET_SYMBOL_EXTENSIONS = YES;
				CLANG_ANALYZER_NONNULL = YES;
				CLANG_ANALYZER_NUMBER_OBJECT_CONVERSION = YES_AGGRESSIVE;
				CLANG_CXX_LANGUAGE_STANDARD = "gnu++20";
				CLANG_ENABLE_MODULES = YES;
				CLANG_ENABLE_OBJC_ARC = YES;
				CLANG_ENABLE_OBJC_WEAK = YES;
				CLANG_WARN_BLOCK_CAPTURE_AUTORELEASING = YES;
				CLANG_WARN_BOOL_CONVERSION = YES;
				CLANG_WARN_COMMA = YES;
				CLANG_WARN_CONSTANT_CONVERSION = YES;
				CLANG_WARN_DEPRECATED_OBJC_IMPLEMENTATIONS = YES;
				CLANG_WARN_DIRECT_OBJC_ISA_USAGE = YES_ERROR;
				CLANG_WARN_DOCUMENTATION_COMMENTS = YES;
				CLANG_WARN_EMPTY_BODY = YES;
				CLANG_WARN_ENUM_CONVERSION = YES;
				CLANG_WARN_INFINITE_RECURSION = YES;
				CLANG_WARN_INT_CONVERSION = YES;
				CLANG_WARN_NON_LITERAL_NULL_CONVERSION = YES;
				CLANG_WARN_OBJC_IMPLICIT_RETAIN_SELF = YES;
				CLANG_WARN_OBJC_LITERAL_CONVERSION = YES;
				CLANG_WARN_OBJC_ROOT_CLASS = YES_ERROR;
				CLANG_WARN_QUOTED_INCLUDE_IN_FRAMEWORK_HEADER = YES;
				CLANG_WARN_RANGE_LOOP_ANALYSIS = YES;
				CLANG_WARN_STRICT_PROTOTYPES = YES;
				CLANG_WARN_SUSPICIOUS_MOVE = YES;
				CLANG_WARN_UNGUARDED_AVAILABILITY = YES_AGGRESSIVE;
				CLANG_WARN_UNREACHABLE_CODE = YES;
				CLANG_WARN__DUPLICATE_METHOD_MATCH = YES;
				COPY_PHASE_STRIP = NO;
				DEBUG_INFORMATION_FORMAT = dwarf;
				ENABLE_STRICT_OBJC_MSGSEND = YES;
				ENABLE_TESTABILITY = YES;
				ENABLE_USER_SCRIPT_SANDBOXING = YES;
				GCC_C_LANGUAGE_STANDARD = gnu17;
				GCC_DYNAMIC_NO_PIC = NO;
				GCC_NO_COMMON_BLOCKS = YES;
				GCC_OPTIMIZATION_LEVEL = 0;
				GCC_PREPROCESSOR_DEFINITIONS = (
					"DEBUG=1",
					"$(inherited)",
				);
				GCC_WARN_64_TO_32_BIT_CONVERSION = YES;
				GCC_WARN_ABOUT_RETURN_TYPE = YES_ERROR;
				GCC_WARN_UNDECLARED_SELECTOR = YES;
				GCC_WARN_UNINITIALIZED_AUTOS = YES_AGGRESSIVE;
				GCC_WARN_UNUSED_FUNCTION = YES;
				GCC_WARN_UNUSED_VARIABLE = YES;
				LOCALIZATION_PREFERS_STRING_CATALOGS = YES;
				MACOSX_DEPLOYMENT_TARGET = 15.2;
				MTL_ENABLE_DEBUG_INFO = INCLUDE_SOURCE;
				MTL_FAST_MATH = YES;
				ONLY_ACTIVE_ARCH = YES;
				SDKROOT = macosx;
				SWIFT_ACTIVE_COMPILATION_CONDITIONS = "DEBUG $(inherited)";
				SWIFT_OPTIMIZATION_LEVEL = "-Onone";
			};
			name = Debug;
		};
		2B779E362D1F282900DFA115 /* Release */ = {
			isa = XCBuildConfiguration;
			buildSettings = {
				ALWAYS_SEARCH_USER_PATHS = NO;
				ASSETCATALOG_COMPILER_GENERATE_SWIFT_ASSET_SYMBOL_EXTENSIONS = YES;
				CLANG_ANALYZER_NONNULL = YES;
				CLANG_ANALYZER_NUMBER_OBJECT_CONVERSION = YES_AGGRESSIVE;
				CLANG_CXX_LANGUAGE_STANDARD = "gnu++20";
				CLANG_ENABLE_MODULES = YES;
				CLANG_ENABLE_OBJC_ARC = YES;
				CLANG_ENABLE_OBJC_WEAK = YES;
				CLANG_WARN_BLOCK_CAPTURE_AUTORELEASING = YES;
				CLANG_WARN_BOOL_CONVERSION = YES;
				CLANG_WARN_COMMA = YES;
				CLANG_WARN_CONSTANT_CONVERSION = YES;
				CLANG_WARN_DEPRECATED_OBJC_IMPLEMENTATIONS = YES;
				CLANG_WARN_DIRECT_OBJC_ISA_USAGE = YES_ERROR;
				CLANG_WARN_DOCUMENTATION_COMMENTS = YES;
				CLANG_WARN_EMPTY_BODY = YES;
				CLANG_WARN_ENUM_CONVERSION = YES;
				CLANG_WARN_INFINITE_RECURSION = YES;
				CLANG_WARN_INT_CONVERSION = YES;
				CLANG_WARN_NON_LITERAL_NULL_CONVERSION = YES;
				CLANG_WARN_OBJC_IMPLICIT_RETAIN_SELF = YES;
				CLANG_WARN_OBJC_LITERAL_CONVERSION = YES;
				CLANG_WARN_OBJC_ROOT_CLASS = YES_ERROR;
				CLANG_WARN_QUOTED_INCLUDE_IN_FRAMEWORK_HEADER = YES;
				CLANG_WARN_RANGE_LOOP_ANALYSIS = YES;
				CLANG_WARN_STRICT_PROTOTYPES = YES;
				CLANG_WARN_SUSPICIOUS_MOVE = YES;
				CLANG_WARN_UNGUARDED_AVAILABILITY = YES_AGGRESSIVE;
				CLANG_WARN_UNREACHABLE_CODE = YES;
				CLANG_WARN__DUPLICATE_METHOD_MATCH = YES;
				COPY_PHASE_STRIP = NO;
				DEBUG_INFORMATION_FORMAT = "dwarf-with-dsym";
				ENABLE_NS_ASSERTIONS = NO;
				ENABLE_STRICT_OBJC_MSGSEND = YES;
				ENABLE_USER_SCRIPT_SANDBOXING = YES;
				GCC_C_LANGUAGE_STANDARD = gnu17;
				GCC_NO_COMMON_BLOCKS = YES;
				GCC_WARN_64_TO_32_BIT_CONVERSION = YES;
				GCC_WARN_ABOUT_RETURN_TYPE = YES_ERROR;
				GCC_WARN_UNDECLARED_SELECTOR = YES;
				GCC_WARN_UNINITIALIZED_AUTOS = YES_AGGRESSIVE;
				GCC_WARN_UNUSED_FUNCTION = YES;
				GCC_WARN_UNUSED_VARIABLE = YES;
				LOCALIZATION_PREFERS_STRING_CATALOGS = YES;
				MACOSX_DEPLOYMENT_TARGET = 15.2;
				MTL_ENABLE_DEBUG_INFO = NO;
				MTL_FAST_MATH = YES;
				SDKROOT = macosx;
				SWIFT_COMPILATION_MODE = wholemodule;
			};
			name = Release;
		};
		2B779E382D1F282900DFA115 /* Debug */ = {
			isa = XCBuildConfiguration;
			buildSettings = {
				ASSETCATALOG_COMPILER_APPICON_NAME = AppIcon;
				ASSETCATALOG_COMPILER_GLOBAL_ACCENT_COLOR_NAME = AccentColor;
				CODE_SIGN_ENTITLEMENTS = HelloMetal/HelloMetal.entitlements;
				CODE_SIGN_STYLE = Automatic;
				COMBINE_HIDPI_IMAGES = YES;
				CURRENT_PROJECT_VERSION = 1;
				DEVELOPMENT_ASSET_PATHS = "\"HelloMetal/Preview Content\"";
				DEVELOPMENT_TEAM = 79ZV855JRN;
				ENABLE_HARDENED_RUNTIME = YES;
				ENABLE_PREVIEWS = YES;
				GENERATE_INFOPLIST_FILE = YES;
				INFOPLIST_KEY_NSHumanReadableCopyright = "";
				LD_RUNPATH_SEARCH_PATHS = (
					"$(inherited)",
					"@executable_path/../Frameworks",
				);
				MARKETING_VERSION = 1.0;
				PRODUCT_BUNDLE_IDENTIFIER = com.gfxai.HelloMetal;
				PRODUCT_NAME = "$(TARGET_NAME)";
				SWIFT_EMIT_LOC_STRINGS = YES;
				SWIFT_VERSION = 5.0;
			};
			name = Debug;
		};
		2B779E392D1F282900DFA115 /* Release */ = {
			isa = XCBuildConfiguration;
			buildSettings = {
				ASSETCATALOG_COMPILER_APPICON_NAME = AppIcon;
				ASSETCATALOG_COMPILER_GLOBAL_ACCENT_COLOR_NAME = AccentColor;
				CODE_SIGN_ENTITLEMENTS = HelloMetal/HelloMetal.entitlements;
				CODE_SIGN_STYLE = Automatic;
				COMBINE_HIDPI_IMAGES = YES;
				CURRENT_PROJECT_VERSION = 1;
				DEVELOPMENT_ASSET_PATHS = "\"HelloMetal/Preview Content\"";
				DEVELOPMENT_TEAM = 79ZV855JRN;
				ENABLE_HARDENED_RUNTIME = YES;
				ENABLE_PREVIEWS = YES;
				GENERATE_INFOPLIST_FILE = YES;
				INFOPLIST_KEY_NSHumanReadableCopyright = "";
				LD_RUNPATH_SEARCH_PATHS = (
					"$(inherited)",
					"@executable_path/../Frameworks",
				);
				MARKETING_VERSION = 1.0;
				PRODUCT_BUNDLE_IDENTIFIER = com.gfxai.HelloMetal;
				PRODUCT_NAME = "$(TARGET_NAME)";
				SWIFT_EMIT_LOC_STRINGS = YES;
				SWIFT_VERSION = 5.0;
			};
			name = Release;
		};
		2B779E3B2D1F282900DFA115 /* Debug */ = {
			isa = XCBuildConfiguration;
			buildSettings = {
				BUNDLE_LOADER = "$(TEST_HOST)";
				CODE_SIGN_STYLE = Automatic;
				CURRENT_PROJECT_VERSION = 1;
				DEVELOPMENT_TEAM = 79ZV855JRN;
				GENERATE_INFOPLIST_FILE = YES;
				MACOSX_DEPLOYMENT_TARGET = 15.2;
				MARKETING_VERSION = 1.0;
				PRODUCT_BUNDLE_IDENTIFIER = com.gfxai.HelloMetalTests;
				PRODUCT_NAME = "$(TARGET_NAME)";
				SWIFT_EMIT_LOC_STRINGS = NO;
				SWIFT_VERSION = 5.0;
				TEST_HOST = "$(BUILT_PRODUCTS_DIR)/HelloMetal.app/$(BUNDLE_EXECUTABLE_FOLDER_PATH)/HelloMetal";
			};
			name = Debug;
		};
		2B779E3C2D1F282900DFA115 /* Release */ = {
			isa = XCBuildConfiguration;
			buildSettings = {
				BUNDLE_LOADER = "$(TEST_HOST)";
				CODE_SIGN_STYLE = Automatic;
				CURRENT_PROJECT_VERSION = 1;
				DEVELOPMENT_TEAM = 79ZV855JRN;
				GENERATE_INFOPLIST_FILE = YES;
				MACOSX_DEPLOYMENT_TARGET = 15.2;
				MARKETING_VERSION = 1.0;
				PRODUCT_BUNDLE_IDENTIFIER = com.gfxai.HelloMetalTests;
				PRODUCT_NAME = "$(TARGET_NAME)";
				SWIFT_EMIT_LOC_STRINGS = NO;
				SWIFT_VERSION = 5.0;
				TEST_HOST = "$(BUILT_PRODUCTS_DIR)/HelloMetal.app/$(BUNDLE_EXECUTABLE_FOLDER_PATH)/HelloMetal";
			};
			name = Release;
		};
		2B779E3E2D1F282900DFA115 /* Debug */ = {
			isa = XCBuildConfiguration;
			buildSettings = {
				CODE_SIGN_STYLE = Automatic;
				CURRENT_PROJECT_VERSION = 1;
				DEVELOPMENT_TEAM = 79ZV855JRN;
				GENERATE_INFOPLIST_FILE = YES;
				MARKETING_VERSION = 1.0;
				PRODUCT_BUNDLE_IDENTIFIER = com.gfxai.HelloMetalUITests;
				PRODUCT_NAME = "$(TARGET_NAME)";
				SWIFT_EMIT_LOC_STRINGS = NO;
				SWIFT_VERSION = 5.0;
				TEST_TARGET_NAME = HelloMetal;
			};
			name = Debug;
		};
		2B779E3F2D1F282900DFA115 /* Release */ = {
			isa = XCBuildConfiguration;
			buildSettings = {
				CODE_SIGN_STYLE = Automatic;
				CURRENT_PROJECT_VERSION = 1;
				DEVELOPMENT_TEAM = 79ZV855JRN;
				GENERATE_INFOPLIST_FILE = YES;
				MARKETING_VERSION = 1.0;
				PRODUCT_BUNDLE_IDENTIFIER = com.gfxai.HelloMetalUITests;
				PRODUCT_NAME = "$(TARGET_NAME)";
				SWIFT_EMIT_LOC_STRINGS = NO;
				SWIFT_VERSION = 5.0;
				TEST_TARGET_NAME = HelloMetal;
			};
			name = Release;
		};
/* End XCBuildConfiguration section */

/* Begin XCConfigurationList section */
		2B779E0D2D1F282700DFA115 /* Build configuration list for PBXProject "HelloMetal" */ = {
			isa = XCConfigurationList;
			buildConfigurations = (
				2B779E352D1F282900DFA115 /* Debug */,
				2B779E362D1F282900DFA115 /* Release */,
			);
			defaultConfigurationIsVisible = 0;
			defaultConfigurationName = Release;
		};
		2B779E372D1F282900DFA115 /* Build configuration list for PBXNativeTarget "HelloMetal" */ = {
			isa = XCConfigurationList;
			buildConfigurations = (
				2B779E382D1F282900DFA115 /* Debug */,
				2B779E392D1F282900DFA115 /* Release */,
			);
			defaultConfigurationIsVisible = 0;
			defaultConfigurationName = Release;
		};
		2B779E3A2D1F282900DFA115 /* Build configuration list for PBXNativeTarget "HelloMetalTests" */ = {
			isa = XCConfigurationList;
			buildConfigurations = (
				2B779E3B2D1F282900DFA115 /* Debug */,
				2B779E3C2D1F282900DFA115 /* Release */,
			);
			defaultConfigurationIsVisible = 0;
			defaultConfigurationName = Release;
		};
		2B779E3D2D1F282900DFA115 /* Build configuration list for PBXNativeTarget "HelloMetalUITests" */ = {
			isa = XCConfigurationList;
			buildConfigurations = (
				2B779E3E2D1F282900DFA115 /* Debug */,
				2B779E3F2D1F282900DFA115 /* Release */,
			);
			defaultConfigurationIsVisible = 0;
			defaultConfigurationName = Release;
		};
/* End XCConfigurationList section */
	};
	rootObject = 2B779E0A2D1F282700DFA115 /* Project object */;
}
